// !$*UTF8*$!
{
	archiveVersion = 1;
	classes = {
	};
	objectVersion = 54;
	objects = {

/* Begin PBXBuildFile section */
		0C80B921A6F3F58F76C31292 /* libPods-MyApp.a in Frameworks */ = {isa = PBXBuildFile; fileRef = 5DCACB8F33CDC322A6C60F78 /* libPods-MyApp.a */; };
		13B07FBF1A68108700A75B9A /* Images.xcassets in Resources */ = {isa = PBXBuildFile; fileRef = 13B07FB51A68108700A75B9A /* Images.xcassets */; };
		761780ED2CA45674006654EE /* AppDelegate.swift in Sources */ = {isa = PBXBuildFile; fileRef = 761780EC2CA45674006654EE /* AppDelegate.swift */; };
		81AB9BB82411601600AC10FF /* LaunchScreen.storyboard in Resources */ = {isa = PBXBuildFile; fileRef = 81AB9BB72411601600AC10FF /* LaunchScreen.storyboard */; };
		BA6B6C7030454D3F87D724DF /* Poppins-Light.ttf in Resources */ = {isa = PBXBuildFile; fileRef = AD2BC560A6D041C0AD4F66C7 /* Poppins-Light.ttf */; };
		01A21D22CC474645AE78C58D /* Roboto-Bold.ttf in Resources */ = {isa = PBXBuildFile; fileRef = 271E4B64D7D04825989FE6E9 /* Roboto-Bold.ttf */; };
		6F16D2642B3C4B799F510399 /* Roboto-VariableFont_wdth,wght.ttf in Resources */ = {isa = PBXBuildFile; fileRef = 4FFBBCF871CE4CDFBF471C19 /* Roboto-VariableFont_wdth,wght.ttf */; };
		B6D8C33810D34307AB6519F3 /* Roboto_Condensed-ExtraBold.ttf in Resources */ = {isa = PBXBuildFile; fileRef = EF3A2B8D3CFC4DFF98D131F4 /* Roboto_Condensed-ExtraBold.ttf */; };
		EBCF9BCDF6634FEBA5D174AB /* Poppins-Black.ttf in Resources */ = {isa = PBXBuildFile; fileRef = 6A80BC75305A4491902E7240 /* Poppins-Black.ttf */; };
		4F4AE3D5EBB2422BA96457F9 /* Poppins-BlackItalic.ttf in Resources */ = {isa = PBXBuildFile; fileRef = 34B103AE9EC24708AF3E858A /* Poppins-BlackItalic.ttf */; };
		121518F1235A46DBB8F62ECB /* Poppins-Bold.ttf in Resources */ = {isa = PBXBuildFile; fileRef = D1157BDDB45C4ED48415B0B2 /* Poppins-Bold.ttf */; };
		271EE601DF2840D7BE4098C0 /* Poppins-BoldItalic.ttf in Resources */ = {isa = PBXBuildFile; fileRef = A3C32A8798954B69AFEA6C09 /* Poppins-BoldItalic.ttf */; };
		F89224266064497D904DBD22 /* Poppins-ExtraBold.ttf in Resources */ = {isa = PBXBuildFile; fileRef = BC22977C2B54496194F36551 /* Poppins-ExtraBold.ttf */; };
		3523E01490284A10AC57A3D6 /* Poppins-ExtraBoldItalic.ttf in Resources */ = {isa = PBXBuildFile; fileRef = E8362E0A63A54C4D9537B832 /* Poppins-ExtraBoldItalic.ttf */; };
		A166EBDB464143BEADE50DE5 /* Poppins-ExtraLight.ttf in Resources */ = {isa = PBXBuildFile; fileRef = 07E853E103C64C7694A89643 /* Poppins-ExtraLight.ttf */; };
		F99AEA30E67845979973B6DA /* Poppins-ExtraLightItalic.ttf in Resources */ = {isa = PBXBuildFile; fileRef = 5FCF097F45C749EFBF860355 /* Poppins-ExtraLightItalic.ttf */; };
		70936A4BBBAC49CBB6630B97 /* Poppins-Italic.ttf in Resources */ = {isa = PBXBuildFile; fileRef = EFAFBF762FD04CF6AB4AF1A7 /* Poppins-Italic.ttf */; };
		9447729991E245FFBFEA745E /* Poppins-LightItalic.ttf in Resources */ = {isa = PBXBuildFile; fileRef = BD4CC920EEB743C790F23D34 /* Poppins-LightItalic.ttf */; };
		4B3D4F9426C84F65889A953D /* Poppins-Medium.ttf in Resources */ = {isa = PBXBuildFile; fileRef = 310569D58C4F408C87E245F9 /* Poppins-Medium.ttf */; };
		ED646659FF8845D285039F42 /* Poppins-MediumItalic.ttf in Resources */ = {isa = PBXBuildFile; fileRef = 8DDF1A2AAFA4413595BF8D05 /* Poppins-MediumItalic.ttf */; };
		FFA3C4EE126F4AA8B48E9784 /* Poppins-Regular.ttf in Resources */ = {isa = PBXBuildFile; fileRef = D9FF09987A1A4039A4391569 /* Poppins-Regular.ttf */; };
		272B0AEF9F1E405D92BE8F35 /* Poppins-SemiBold.ttf in Resources */ = {isa = PBXBuildFile; fileRef = 0A92814A3E204C15A32217FC /* Poppins-SemiBold.ttf */; };
		D29495B7235A49E8A0D8D460 /* Poppins-SemiBoldItalic.ttf in Resources */ = {isa = PBXBuildFile; fileRef = 335C0512E9794D499D842700 /* Poppins-SemiBoldItalic.ttf */; };
		A555A164496046A99690E5CD /* Poppins-Thin.ttf in Resources */ = {isa = PBXBuildFile; fileRef = 8F935CD2419C4C4890AB40EE /* Poppins-Thin.ttf */; };
		B5D34CEA263141AAA2C1EA00 /* Poppins-ThinItalic.ttf in Resources */ = {isa = PBXBuildFile; fileRef = 505C093FC3A7411FB5C33259 /* Poppins-ThinItalic.ttf */; };
		C14F1DB6CBB04551A28C4F39 /* Raleway-Black.ttf in Resources */ = {isa = PBXBuildFile; fileRef = 54DA07CA3E3D4FB7BCB1863D /* Raleway-Black.ttf */; };
		FFACA97245B246109906C7F5 /* Raleway-BlackItalic.ttf in Resources */ = {isa = PBXBuildFile; fileRef = 221FBE92420F47BEAE7783F8 /* Raleway-BlackItalic.ttf */; };
		1794C79E29AC454EB0CA4829 /* Raleway-Bold.ttf in Resources */ = {isa = PBXBuildFile; fileRef = 58168515AB354603B07B0455 /* Raleway-Bold.ttf */; };
		6DFC5A5CB07E442D97F20697 /* Raleway-BoldItalic.ttf in Resources */ = {isa = PBXBuildFile; fileRef = 61179E70A78F4DE7BE3F23BB /* Raleway-BoldItalic.ttf */; };
		8CC970E1E40D4F348EFAAF8A /* Raleway-ExtraBold.ttf in Resources */ = {isa = PBXBuildFile; fileRef = D31A58F6D274466BB9750728 /* Raleway-ExtraBold.ttf */; };
		79F3DE74378340D0815E2EC9 /* Raleway-ExtraBoldItalic.ttf in Resources */ = {isa = PBXBuildFile; fileRef = 774B60CA3C1848A9826B383A /* Raleway-ExtraBoldItalic.ttf */; };
		244354D4C3914CB59D243D83 /* Raleway-ExtraLight.ttf in Resources */ = {isa = PBXBuildFile; fileRef = 5B84B17D8A684EB493356C2A /* Raleway-ExtraLight.ttf */; };
		F59BFC3F301841EAB59D9550 /* Raleway-ExtraLightItalic.ttf in Resources */ = {isa = PBXBuildFile; fileRef = 918B4B0686A343A2A1F65C98 /* Raleway-ExtraLightItalic.ttf */; };
		C39D14CEAF3443A497F6A812 /* Raleway-Italic.ttf in Resources */ = {isa = PBXBuildFile; fileRef = 18BF4DFD38D148FA96D5D83F /* Raleway-Italic.ttf */; };
		CACF05B1724546E1817B964A /* Raleway-Light.ttf in Resources */ = {isa = PBXBuildFile; fileRef = 4FB03DCBAE3E4E0B8650BD5A /* Raleway-Light.ttf */; };
		BFE8F243A63E4F53B7B8E9E4 /* Raleway-LightItalic.ttf in Resources */ = {isa = PBXBuildFile; fileRef = 4938B11EF6C64E03ADC928B0 /* Raleway-LightItalic.ttf */; };
		8E3E55AB4B9C47AFAF4A4F86 /* Raleway-Medium.ttf in Resources */ = {isa = PBXBuildFile; fileRef = 2FEF58FE2341456F9D6A139C /* Raleway-Medium.ttf */; };
		01764D8981FB443DAFC765A6 /* Raleway-MediumItalic.ttf in Resources */ = {isa = PBXBuildFile; fileRef = E68F9BD3413B420587DE7D35 /* Raleway-MediumItalic.ttf */; };
		2E8DA282CA1D4466863222F4 /* Raleway-Regular.ttf in Resources */ = {isa = PBXBuildFile; fileRef = 01AA5CF0941C43D09075D97D /* Raleway-Regular.ttf */; };
		9D6C27ACD5E744CC894CF54F /* Raleway-SemiBold.ttf in Resources */ = {isa = PBXBuildFile; fileRef = 2D62C494C9144BD0B01D2BC9 /* Raleway-SemiBold.ttf */; };
		D9E1C333BC00457B82AEF9F8 /* Raleway-SemiBoldItalic.ttf in Resources */ = {isa = PBXBuildFile; fileRef = 4BE39D525DE346BCA3864BD9 /* Raleway-SemiBoldItalic.ttf */; };
		841D26C3021143F18D540629 /* Raleway-Thin.ttf in Resources */ = {isa = PBXBuildFile; fileRef = FF5645D357D9450B8404F3BB /* Raleway-Thin.ttf */; };
		DCF2759F4CA5474DB013EE75 /* Raleway-ThinItalic.ttf in Resources */ = {isa = PBXBuildFile; fileRef = 9C5F2F546DCD40CB95805006 /* Raleway-ThinItalic.ttf */; };
		D081EDC2F1E549ACA32449BD /* Epilogue-Black.ttf in Resources */ = {isa = PBXBuildFile; fileRef = F2D3840CA16B4B5B8A7A354D /* Epilogue-Black.ttf */; };
		FDE6364328B44CC89BF1814C /* Epilogue-BlackItalic.ttf in Resources */ = {isa = PBXBuildFile; fileRef = E304E68324154691A2638995 /* Epilogue-BlackItalic.ttf */; };
		FDD185B7494B4A4ABD5D024B /* Epilogue-Bold.ttf in Resources */ = {isa = PBXBuildFile; fileRef = 82A87035E50B42A2860E498C /* Epilogue-Bold.ttf */; };
		D981A54B3AE94DEDA6B34DB8 /* Epilogue-BoldItalic.ttf in Resources */ = {isa = PBXBuildFile; fileRef = BABA542B365C4B64A37F5D0F /* Epilogue-BoldItalic.ttf */; };
		066886A1AFEF4CB9A3574865 /* Epilogue-ExtraBold.ttf in Resources */ = {isa = PBXBuildFile; fileRef = B14CFB2045244F43859DEB26 /* Epilogue-ExtraBold.ttf */; };
		ED36EFF1E6D94102BB70115F /* Epilogue-ExtraBoldItalic.ttf in Resources */ = {isa = PBXBuildFile; fileRef = 03FDD8CC61A04565AC334DD2 /* Epilogue-ExtraBoldItalic.ttf */; };
		86909B2B0962462F9A69FDDD /* Epilogue-ExtraLight.ttf in Resources */ = {isa = PBXBuildFile; fileRef = B117214C35394BAFA7DF67B4 /* Epilogue-ExtraLight.ttf */; };
		230DAE5A78A64A48A2EDD4F0 /* Epilogue-ExtraLightItalic.ttf in Resources */ = {isa = PBXBuildFile; fileRef = D425B103ED2E48FE91E50DA2 /* Epilogue-ExtraLightItalic.ttf */; };
		E3AB21298A2D493C8C247AE2 /* Epilogue-Italic.ttf in Resources */ = {isa = PBXBuildFile; fileRef = 05ABF5B5C02A409DA7DC0506 /* Epilogue-Italic.ttf */; };
		27EDA42B65F743BBA8A073A3 /* Epilogue-Light.ttf in Resources */ = {isa = PBXBuildFile; fileRef = CA56930EE9884819B51F9108 /* Epilogue-Light.ttf */; };
		C51DA85CB5A4452696BC51BF /* Epilogue-LightItalic.ttf in Resources */ = {isa = PBXBuildFile; fileRef = 7B4F5B90B36B41E096E4F68D /* Epilogue-LightItalic.ttf */; };
		AB8A5E355FDD4308A412A6D1 /* Epilogue-Medium.ttf in Resources */ = {isa = PBXBuildFile; fileRef = 18EC91AAF2F54E13882367C7 /* Epilogue-Medium.ttf */; };
		C7BD582DF33443E380942D9C /* Epilogue-MediumItalic.ttf in Resources */ = {isa = PBXBuildFile; fileRef = 0B11AAFB9AFF4D758272A499 /* Epilogue-MediumItalic.ttf */; };
		5B549A9609A0476281E52EA2 /* Epilogue-Regular.ttf in Resources */ = {isa = PBXBuildFile; fileRef = B3CD83430A4A47039F4B3D85 /* Epilogue-Regular.ttf */; };
		D445831655154A53B93EBDA9 /* Epilogue-SemiBold.ttf in Resources */ = {isa = PBXBuildFile; fileRef = 868BBFA12C01434D8E03CE92 /* Epilogue-SemiBold.ttf */; };
		617907E3C9E54F918DA0D179 /* Epilogue-SemiBoldItalic.ttf in Resources */ = {isa = PBXBuildFile; fileRef = 4AFB84CCED024EDC9DC8C79B /* Epilogue-SemiBoldItalic.ttf */; };
		E01AE8E37C8B4E24B6F299DD /* Epilogue-Thin.ttf in Resources */ = {isa = PBXBuildFile; fileRef = 2DE63AE79E3248B48ACC8E55 /* Epilogue-Thin.ttf */; };
		B32793C44ECD434EA7C81E42 /* Epilogue-ThinItalic.ttf in Resources */ = {isa = PBXBuildFile; fileRef = 20CD346AE65B4D3693756C60 /* Epilogue-ThinItalic.ttf */; };
/* End PBXBuildFile section */

/* Begin PBXContainerItemProxy section */
		00E356F41AD99517003FC87E /* PBXContainerItemProxy */ = {
			isa = PBXContainerItemProxy;
			containerPortal = 83CBB9F71A601CBA00E9B192 /* Project object */;
			proxyType = 1;
			remoteGlobalIDString = 13B07F861A680F5B00A75B9A;
			remoteInfo = MyApp;
		};
/* End PBXContainerItemProxy section */

/* Begin PBXFileReference section */
		00E356F11AD99517003FC87E /* Info.plist */ = {isa = PBXFileReference; lastKnownFileType = text.plist.xml; path = Info.plist; sourceTree = "<group>"; };
		13B07F961A680F5B00A75B9A /* MyApp.app */ = {isa = PBXFileReference; explicitFileType = wrapper.application; includeInIndex = 0; path = MyApp.app; sourceTree = BUILT_PRODUCTS_DIR; };
		13B07FB51A68108700A75B9A /* Images.xcassets */ = {isa = PBXFileReference; lastKnownFileType = folder.assetcatalog; name = Images.xcassets; path = MyApp/Images.xcassets; sourceTree = "<group>"; };
		13B07FB61A68108700A75B9A /* Info.plist */ = {isa = PBXFileReference; fileEncoding = 4; lastKnownFileType = text.plist.xml; name = Info.plist; path = MyApp/Info.plist; sourceTree = "<group>"; };
		13B07FB81A68108700A75B9A /* PrivacyInfo.xcprivacy */ = {isa = PBXFileReference; fileEncoding = 4; lastKnownFileType = text.plist.xml; name = PrivacyInfo.xcprivacy; path = MyApp/PrivacyInfo.xcprivacy; sourceTree = "<group>"; };
		3B4392A12AC88292D35C810B /* Pods-MyApp.debug.xcconfig */ = {isa = PBXFileReference; includeInIndex = 1; lastKnownFileType = text.xcconfig; name = "Pods-MyApp.debug.xcconfig"; path = "Target Support Files/Pods-MyApp/Pods-MyApp.debug.xcconfig"; sourceTree = "<group>"; };
		5709B34CF0A7D63546082F79 /* Pods-MyApp.release.xcconfig */ = {isa = PBXFileReference; includeInIndex = 1; lastKnownFileType = text.xcconfig; name = "Pods-MyApp.release.xcconfig"; path = "Target Support Files/Pods-MyApp/Pods-MyApp.release.xcconfig"; sourceTree = "<group>"; };
		5DCACB8F33CDC322A6C60F78 /* libPods-MyApp.a */ = {isa = PBXFileReference; explicitFileType = archive.ar; includeInIndex = 0; path = "libPods-MyApp.a"; sourceTree = BUILT_PRODUCTS_DIR; };
		761780EC2CA45674006654EE /* AppDelegate.swift */ = {isa = PBXFileReference; lastKnownFileType = sourcecode.swift; name = AppDelegate.swift; path = MyApp/AppDelegate.swift; sourceTree = "<group>"; };
		81AB9BB72411601600AC10FF /* LaunchScreen.storyboard */ = {isa = PBXFileReference; fileEncoding = 4; lastKnownFileType = file.storyboard; name = LaunchScreen.storyboard; path = MyApp/LaunchScreen.storyboard; sourceTree = "<group>"; };
		ED297162215061F000B7C4FE /* JavaScriptCore.framework */ = {isa = PBXFileReference; lastKnownFileType = wrapper.framework; name = JavaScriptCore.framework; path = System/Library/Frameworks/JavaScriptCore.framework; sourceTree = SDKROOT; };
		AD2BC560A6D041C0AD4F66C7 /* Poppins-Light.ttf */ = {isa = PBXFileReference; name = "Poppins-Light.ttf"; path = "../assets/fonts/Poppins-Light.ttf"; sourceTree = "<group>"; fileEncoding = undefined; lastKnownFileType = unknown; explicitFileType = undefined; includeInIndex = 0; };
		271E4B64D7D04825989FE6E9 /* Roboto-Bold.ttf */ = {isa = PBXFileReference; name = "Roboto-Bold.ttf"; path = "../assets/fonts/Roboto-Bold.ttf"; sourceTree = "<group>"; fileEncoding = undefined; lastKnownFileType = unknown; explicitFileType = undefined; includeInIndex = 0; };
		4FFBBCF871CE4CDFBF471C19 /* Roboto-VariableFont_wdth,wght.ttf */ = {isa = PBXFileReference; name = "Roboto-VariableFont_wdth,wght.ttf"; path = "../assets/fonts/Roboto-VariableFont_wdth,wght.ttf"; sourceTree = "<group>"; fileEncoding = undefined; lastKnownFileType = unknown; explicitFileType = undefined; includeInIndex = 0; };
		EF3A2B8D3CFC4DFF98D131F4 /* Roboto_Condensed-ExtraBold.ttf */ = {isa = PBXFileReference; name = "Roboto_Condensed-ExtraBold.ttf"; path = "../assets/fonts/Roboto_Condensed-ExtraBold.ttf"; sourceTree = "<group>"; fileEncoding = undefined; lastKnownFileType = unknown; explicitFileType = undefined; includeInIndex = 0; };
		6A80BC75305A4491902E7240 /* Poppins-Black.ttf */ = {isa = PBXFileReference; name = "Poppins-Black.ttf"; path = "../assets/fonts/Poppins-Black.ttf"; sourceTree = "<group>"; fileEncoding = undefined; lastKnownFileType = unknown; explicitFileType = undefined; includeInIndex = 0; };
		34B103AE9EC24708AF3E858A /* Poppins-BlackItalic.ttf */ = {isa = PBXFileReference; name = "Poppins-BlackItalic.ttf"; path = "../assets/fonts/Poppins-BlackItalic.ttf"; sourceTree = "<group>"; fileEncoding = undefined; lastKnownFileType = unknown; explicitFileType = undefined; includeInIndex = 0; };
		D1157BDDB45C4ED48415B0B2 /* Poppins-Bold.ttf */ = {isa = PBXFileReference; name = "Poppins-Bold.ttf"; path = "../assets/fonts/Poppins-Bold.ttf"; sourceTree = "<group>"; fileEncoding = undefined; lastKnownFileType = unknown; explicitFileType = undefined; includeInIndex = 0; };
		A3C32A8798954B69AFEA6C09 /* Poppins-BoldItalic.ttf */ = {isa = PBXFileReference; name = "Poppins-BoldItalic.ttf"; path = "../assets/fonts/Poppins-BoldItalic.ttf"; sourceTree = "<group>"; fileEncoding = undefined; lastKnownFileType = unknown; explicitFileType = undefined; includeInIndex = 0; };
		BC22977C2B54496194F36551 /* Poppins-ExtraBold.ttf */ = {isa = PBXFileReference; name = "Poppins-ExtraBold.ttf"; path = "../assets/fonts/Poppins-ExtraBold.ttf"; sourceTree = "<group>"; fileEncoding = undefined; lastKnownFileType = unknown; explicitFileType = undefined; includeInIndex = 0; };
		E8362E0A63A54C4D9537B832 /* Poppins-ExtraBoldItalic.ttf */ = {isa = PBXFileReference; name = "Poppins-ExtraBoldItalic.ttf"; path = "../assets/fonts/Poppins-ExtraBoldItalic.ttf"; sourceTree = "<group>"; fileEncoding = undefined; lastKnownFileType = unknown; explicitFileType = undefined; includeInIndex = 0; };
		07E853E103C64C7694A89643 /* Poppins-ExtraLight.ttf */ = {isa = PBXFileReference; name = "Poppins-ExtraLight.ttf"; path = "../assets/fonts/Poppins-ExtraLight.ttf"; sourceTree = "<group>"; fileEncoding = undefined; lastKnownFileType = unknown; explicitFileType = undefined; includeInIndex = 0; };
		5FCF097F45C749EFBF860355 /* Poppins-ExtraLightItalic.ttf */ = {isa = PBXFileReference; name = "Poppins-ExtraLightItalic.ttf"; path = "../assets/fonts/Poppins-ExtraLightItalic.ttf"; sourceTree = "<group>"; fileEncoding = undefined; lastKnownFileType = unknown; explicitFileType = undefined; includeInIndex = 0; };
		EFAFBF762FD04CF6AB4AF1A7 /* Poppins-Italic.ttf */ = {isa = PBXFileReference; name = "Poppins-Italic.ttf"; path = "../assets/fonts/Poppins-Italic.ttf"; sourceTree = "<group>"; fileEncoding = undefined; lastKnownFileType = unknown; explicitFileType = undefined; includeInIndex = 0; };
		BD4CC920EEB743C790F23D34 /* Poppins-LightItalic.ttf */ = {isa = PBXFileReference; name = "Poppins-LightItalic.ttf"; path = "../assets/fonts/Poppins-LightItalic.ttf"; sourceTree = "<group>"; fileEncoding = undefined; lastKnownFileType = unknown; explicitFileType = undefined; includeInIndex = 0; };
		310569D58C4F408C87E245F9 /* Poppins-Medium.ttf */ = {isa = PBXFileReference; name = "Poppins-Medium.ttf"; path = "../assets/fonts/Poppins-Medium.ttf"; sourceTree = "<group>"; fileEncoding = undefined; lastKnownFileType = unknown; explicitFileType = undefined; includeInIndex = 0; };
		8DDF1A2AAFA4413595BF8D05 /* Poppins-MediumItalic.ttf */ = {isa = PBXFileReference; name = "Poppins-MediumItalic.ttf"; path = "../assets/fonts/Poppins-MediumItalic.ttf"; sourceTree = "<group>"; fileEncoding = undefined; lastKnownFileType = unknown; explicitFileType = undefined; includeInIndex = 0; };
		D9FF09987A1A4039A4391569 /* Poppins-Regular.ttf */ = {isa = PBXFileReference; name = "Poppins-Regular.ttf"; path = "../assets/fonts/Poppins-Regular.ttf"; sourceTree = "<group>"; fileEncoding = undefined; lastKnownFileType = unknown; explicitFileType = undefined; includeInIndex = 0; };
		0A92814A3E204C15A32217FC /* Poppins-SemiBold.ttf */ = {isa = PBXFileReference; name = "Poppins-SemiBold.ttf"; path = "../assets/fonts/Poppins-SemiBold.ttf"; sourceTree = "<group>"; fileEncoding = undefined; lastKnownFileType = unknown; explicitFileType = undefined; includeInIndex = 0; };
		335C0512E9794D499D842700 /* Poppins-SemiBoldItalic.ttf */ = {isa = PBXFileReference; name = "Poppins-SemiBoldItalic.ttf"; path = "../assets/fonts/Poppins-SemiBoldItalic.ttf"; sourceTree = "<group>"; fileEncoding = undefined; lastKnownFileType = unknown; explicitFileType = undefined; includeInIndex = 0; };
		8F935CD2419C4C4890AB40EE /* Poppins-Thin.ttf */ = {isa = PBXFileReference; name = "Poppins-Thin.ttf"; path = "../assets/fonts/Poppins-Thin.ttf"; sourceTree = "<group>"; fileEncoding = undefined; lastKnownFileType = unknown; explicitFileType = undefined; includeInIndex = 0; };
		505C093FC3A7411FB5C33259 /* Poppins-ThinItalic.ttf */ = {isa = PBXFileReference; name = "Poppins-ThinItalic.ttf"; path = "../assets/fonts/Poppins-ThinItalic.ttf"; sourceTree = "<group>"; fileEncoding = undefined; lastKnownFileType = unknown; explicitFileType = undefined; includeInIndex = 0; };
		54DA07CA3E3D4FB7BCB1863D /* Raleway-Black.ttf */ = {isa = PBXFileReference; name = "Raleway-Black.ttf"; path = "../assets/fonts/Raleway-Black.ttf"; sourceTree = "<group>"; fileEncoding = undefined; lastKnownFileType = unknown; explicitFileType = undefined; includeInIndex = 0; };
		221FBE92420F47BEAE7783F8 /* Raleway-BlackItalic.ttf */ = {isa = PBXFileReference; name = "Raleway-BlackItalic.ttf"; path = "../assets/fonts/Raleway-BlackItalic.ttf"; sourceTree = "<group>"; fileEncoding = undefined; lastKnownFileType = unknown; explicitFileType = undefined; includeInIndex = 0; };
		58168515AB354603B07B0455 /* Raleway-Bold.ttf */ = {isa = PBXFileReference; name = "Raleway-Bold.ttf"; path = "../assets/fonts/Raleway-Bold.ttf"; sourceTree = "<group>"; fileEncoding = undefined; lastKnownFileType = unknown; explicitFileType = undefined; includeInIndex = 0; };
		61179E70A78F4DE7BE3F23BB /* Raleway-BoldItalic.ttf */ = {isa = PBXFileReference; name = "Raleway-BoldItalic.ttf"; path = "../assets/fonts/Raleway-BoldItalic.ttf"; sourceTree = "<group>"; fileEncoding = undefined; lastKnownFileType = unknown; explicitFileType = undefined; includeInIndex = 0; };
		D31A58F6D274466BB9750728 /* Raleway-ExtraBold.ttf */ = {isa = PBXFileReference; name = "Raleway-ExtraBold.ttf"; path = "../assets/fonts/Raleway-ExtraBold.ttf"; sourceTree = "<group>"; fileEncoding = undefined; lastKnownFileType = unknown; explicitFileType = undefined; includeInIndex = 0; };
		774B60CA3C1848A9826B383A /* Raleway-ExtraBoldItalic.ttf */ = {isa = PBXFileReference; name = "Raleway-ExtraBoldItalic.ttf"; path = "../assets/fonts/Raleway-ExtraBoldItalic.ttf"; sourceTree = "<group>"; fileEncoding = undefined; lastKnownFileType = unknown; explicitFileType = undefined; includeInIndex = 0; };
		5B84B17D8A684EB493356C2A /* Raleway-ExtraLight.ttf */ = {isa = PBXFileReference; name = "Raleway-ExtraLight.ttf"; path = "../assets/fonts/Raleway-ExtraLight.ttf"; sourceTree = "<group>"; fileEncoding = undefined; lastKnownFileType = unknown; explicitFileType = undefined; includeInIndex = 0; };
		918B4B0686A343A2A1F65C98 /* Raleway-ExtraLightItalic.ttf */ = {isa = PBXFileReference; name = "Raleway-ExtraLightItalic.ttf"; path = "../assets/fonts/Raleway-ExtraLightItalic.ttf"; sourceTree = "<group>"; fileEncoding = undefined; lastKnownFileType = unknown; explicitFileType = undefined; includeInIndex = 0; };
		18BF4DFD38D148FA96D5D83F /* Raleway-Italic.ttf */ = {isa = PBXFileReference; name = "Raleway-Italic.ttf"; path = "../assets/fonts/Raleway-Italic.ttf"; sourceTree = "<group>"; fileEncoding = undefined; lastKnownFileType = unknown; explicitFileType = undefined; includeInIndex = 0; };
		4FB03DCBAE3E4E0B8650BD5A /* Raleway-Light.ttf */ = {isa = PBXFileReference; name = "Raleway-Light.ttf"; path = "../assets/fonts/Raleway-Light.ttf"; sourceTree = "<group>"; fileEncoding = undefined; lastKnownFileType = unknown; explicitFileType = undefined; includeInIndex = 0; };
		4938B11EF6C64E03ADC928B0 /* Raleway-LightItalic.ttf */ = {isa = PBXFileReference; name = "Raleway-LightItalic.ttf"; path = "../assets/fonts/Raleway-LightItalic.ttf"; sourceTree = "<group>"; fileEncoding = undefined; lastKnownFileType = unknown; explicitFileType = undefined; includeInIndex = 0; };
		2FEF58FE2341456F9D6A139C /* Raleway-Medium.ttf */ = {isa = PBXFileReference; name = "Raleway-Medium.ttf"; path = "../assets/fonts/Raleway-Medium.ttf"; sourceTree = "<group>"; fileEncoding = undefined; lastKnownFileType = unknown; explicitFileType = undefined; includeInIndex = 0; };
		E68F9BD3413B420587DE7D35 /* Raleway-MediumItalic.ttf */ = {isa = PBXFileReference; name = "Raleway-MediumItalic.ttf"; path = "../assets/fonts/Raleway-MediumItalic.ttf"; sourceTree = "<group>"; fileEncoding = undefined; lastKnownFileType = unknown; explicitFileType = undefined; includeInIndex = 0; };
		01AA5CF0941C43D09075D97D /* Raleway-Regular.ttf */ = {isa = PBXFileReference; name = "Raleway-Regular.ttf"; path = "../assets/fonts/Raleway-Regular.ttf"; sourceTree = "<group>"; fileEncoding = undefined; lastKnownFileType = unknown; explicitFileType = undefined; includeInIndex = 0; };
		2D62C494C9144BD0B01D2BC9 /* Raleway-SemiBold.ttf */ = {isa = PBXFileReference; name = "Raleway-SemiBold.ttf"; path = "../assets/fonts/Raleway-SemiBold.ttf"; sourceTree = "<group>"; fileEncoding = undefined; lastKnownFileType = unknown; explicitFileType = undefined; includeInIndex = 0; };
		4BE39D525DE346BCA3864BD9 /* Raleway-SemiBoldItalic.ttf */ = {isa = PBXFileReference; name = "Raleway-SemiBoldItalic.ttf"; path = "../assets/fonts/Raleway-SemiBoldItalic.ttf"; sourceTree = "<group>"; fileEncoding = undefined; lastKnownFileType = unknown; explicitFileType = undefined; includeInIndex = 0; };
		FF5645D357D9450B8404F3BB /* Raleway-Thin.ttf */ = {isa = PBXFileReference; name = "Raleway-Thin.ttf"; path = "../assets/fonts/Raleway-Thin.ttf"; sourceTree = "<group>"; fileEncoding = undefined; lastKnownFileType = unknown; explicitFileType = undefined; includeInIndex = 0; };
		9C5F2F546DCD40CB95805006 /* Raleway-ThinItalic.ttf */ = {isa = PBXFileReference; name = "Raleway-ThinItalic.ttf"; path = "../assets/fonts/Raleway-ThinItalic.ttf"; sourceTree = "<group>"; fileEncoding = undefined; lastKnownFileType = unknown; explicitFileType = undefined; includeInIndex = 0; };
		F2D3840CA16B4B5B8A7A354D /* Epilogue-Black.ttf */ = {isa = PBXFileReference; name = "Epilogue-Black.ttf"; path = "../assets/fonts/Epilogue-Black.ttf"; sourceTree = "<group>"; fileEncoding = undefined; lastKnownFileType = unknown; explicitFileType = undefined; includeInIndex = 0; };
		E304E68324154691A2638995 /* Epilogue-BlackItalic.ttf */ = {isa = PBXFileReference; name = "Epilogue-BlackItalic.ttf"; path = "../assets/fonts/Epilogue-BlackItalic.ttf"; sourceTree = "<group>"; fileEncoding = undefined; lastKnownFileType = unknown; explicitFileType = undefined; includeInIndex = 0; };
		82A87035E50B42A2860E498C /* Epilogue-Bold.ttf */ = {isa = PBXFileReference; name = "Epilogue-Bold.ttf"; path = "../assets/fonts/Epilogue-Bold.ttf"; sourceTree = "<group>"; fileEncoding = undefined; lastKnownFileType = unknown; explicitFileType = undefined; includeInIndex = 0; };
		BABA542B365C4B64A37F5D0F /* Epilogue-BoldItalic.ttf */ = {isa = PBXFileReference; name = "Epilogue-BoldItalic.ttf"; path = "../assets/fonts/Epilogue-BoldItalic.ttf"; sourceTree = "<group>"; fileEncoding = undefined; lastKnownFileType = unknown; explicitFileType = undefined; includeInIndex = 0; };
		B14CFB2045244F43859DEB26 /* Epilogue-ExtraBold.ttf */ = {isa = PBXFileReference; name = "Epilogue-ExtraBold.ttf"; path = "../assets/fonts/Epilogue-ExtraBold.ttf"; sourceTree = "<group>"; fileEncoding = undefined; lastKnownFileType = unknown; explicitFileType = undefined; includeInIndex = 0; };
		03FDD8CC61A04565AC334DD2 /* Epilogue-ExtraBoldItalic.ttf */ = {isa = PBXFileReference; name = "Epilogue-ExtraBoldItalic.ttf"; path = "../assets/fonts/Epilogue-ExtraBoldItalic.ttf"; sourceTree = "<group>"; fileEncoding = undefined; lastKnownFileType = unknown; explicitFileType = undefined; includeInIndex = 0; };
		B117214C35394BAFA7DF67B4 /* Epilogue-ExtraLight.ttf */ = {isa = PBXFileReference; name = "Epilogue-ExtraLight.ttf"; path = "../assets/fonts/Epilogue-ExtraLight.ttf"; sourceTree = "<group>"; fileEncoding = undefined; lastKnownFileType = unknown; explicitFileType = undefined; includeInIndex = 0; };
		D425B103ED2E48FE91E50DA2 /* Epilogue-ExtraLightItalic.ttf */ = {isa = PBXFileReference; name = "Epilogue-ExtraLightItalic.ttf"; path = "../assets/fonts/Epilogue-ExtraLightItalic.ttf"; sourceTree = "<group>"; fileEncoding = undefined; lastKnownFileType = unknown; explicitFileType = undefined; includeInIndex = 0; };
		05ABF5B5C02A409DA7DC0506 /* Epilogue-Italic.ttf */ = {isa = PBXFileReference; name = "Epilogue-Italic.ttf"; path = "../assets/fonts/Epilogue-Italic.ttf"; sourceTree = "<group>"; fileEncoding = undefined; lastKnownFileType = unknown; explicitFileType = undefined; includeInIndex = 0; };
		CA56930EE9884819B51F9108 /* Epilogue-Light.ttf */ = {isa = PBXFileReference; name = "Epilogue-Light.ttf"; path = "../assets/fonts/Epilogue-Light.ttf"; sourceTree = "<group>"; fileEncoding = undefined; lastKnownFileType = unknown; explicitFileType = undefined; includeInIndex = 0; };
		7B4F5B90B36B41E096E4F68D /* Epilogue-LightItalic.ttf */ = {isa = PBXFileReference; name = "Epilogue-LightItalic.ttf"; path = "../assets/fonts/Epilogue-LightItalic.ttf"; sourceTree = "<group>"; fileEncoding = undefined; lastKnownFileType = unknown; explicitFileType = undefined; includeInIndex = 0; };
		18EC91AAF2F54E13882367C7 /* Epilogue-Medium.ttf */ = {isa = PBXFileReference; name = "Epilogue-Medium.ttf"; path = "../assets/fonts/Epilogue-Medium.ttf"; sourceTree = "<group>"; fileEncoding = undefined; lastKnownFileType = unknown; explicitFileType = undefined; includeInIndex = 0; };
		0B11AAFB9AFF4D758272A499 /* Epilogue-MediumItalic.ttf */ = {isa = PBXFileReference; name = "Epilogue-MediumItalic.ttf"; path = "../assets/fonts/Epilogue-MediumItalic.ttf"; sourceTree = "<group>"; fileEncoding = undefined; lastKnownFileType = unknown; explicitFileType = undefined; includeInIndex = 0; };
		B3CD83430A4A47039F4B3D85 /* Epilogue-Regular.ttf */ = {isa = PBXFileReference; name = "Epilogue-Regular.ttf"; path = "../assets/fonts/Epilogue-Regular.ttf"; sourceTree = "<group>"; fileEncoding = undefined; lastKnownFileType = unknown; explicitFileType = undefined; includeInIndex = 0; };
		868BBFA12C01434D8E03CE92 /* Epilogue-SemiBold.ttf */ = {isa = PBXFileReference; name = "Epilogue-SemiBold.ttf"; path = "../assets/fonts/Epilogue-SemiBold.ttf"; sourceTree = "<group>"; fileEncoding = undefined; lastKnownFileType = unknown; explicitFileType = undefined; includeInIndex = 0; };
		4AFB84CCED024EDC9DC8C79B /* Epilogue-SemiBoldItalic.ttf */ = {isa = PBXFileReference; name = "Epilogue-SemiBoldItalic.ttf"; path = "../assets/fonts/Epilogue-SemiBoldItalic.ttf"; sourceTree = "<group>"; fileEncoding = undefined; lastKnownFileType = unknown; explicitFileType = undefined; includeInIndex = 0; };
		2DE63AE79E3248B48ACC8E55 /* Epilogue-Thin.ttf */ = {isa = PBXFileReference; name = "Epilogue-Thin.ttf"; path = "../assets/fonts/Epilogue-Thin.ttf"; sourceTree = "<group>"; fileEncoding = undefined; lastKnownFileType = unknown; explicitFileType = undefined; includeInIndex = 0; };
		20CD346AE65B4D3693756C60 /* Epilogue-ThinItalic.ttf */ = {isa = PBXFileReference; name = "Epilogue-ThinItalic.ttf"; path = "../assets/fonts/Epilogue-ThinItalic.ttf"; sourceTree = "<group>"; fileEncoding = undefined; lastKnownFileType = unknown; explicitFileType = undefined; includeInIndex = 0; };
/* End PBXFileReference section */

/* Begin PBXFrameworksBuildPhase section */
		13B07F8C1A680F5B00A75B9A /* Frameworks */ = {
			isa = PBXFrameworksBuildPhase;
			buildActionMask = 2147483647;
			files = (
				0C80B921A6F3F58F76C31292 /* libPods-MyApp.a in Frameworks */,
			);
			runOnlyForDeploymentPostprocessing = 0;
		};
/* End PBXFrameworksBuildPhase section */

/* Begin PBXGroup section */
		00E356F01AD99517003FC87E /* Supporting Files */ = {
			isa = PBXGroup;
			children = (
				00E356F11AD99517003FC87E /* Info.plist */,
			);
			name = "Supporting Files";
			sourceTree = "<group>";
		};
		13B07FAE1A68108700A75B9A /* MyApp */ = {
			isa = PBXGroup;
			children = (
				13B07FB51A68108700A75B9A /* Images.xcassets */,
				761780EC2CA45674006654EE /* AppDelegate.swift */,
				13B07FB61A68108700A75B9A /* Info.plist */,
				81AB9BB72411601600AC10FF /* LaunchScreen.storyboard */,
				13B07FB81A68108700A75B9A /* PrivacyInfo.xcprivacy */,
			);
			name = MyApp;
			sourceTree = "<group>";
		};
		2D16E6871FA4F8E400B85C8A /* Frameworks */ = {
			isa = PBXGroup;
			children = (
				ED297162215061F000B7C4FE /* JavaScriptCore.framework */,
				5DCACB8F33CDC322A6C60F78 /* libPods-MyApp.a */,
			);
			name = Frameworks;
			sourceTree = "<group>";
		};
		832341AE1AAA6A7D00B99B32 /* Libraries */ = {
			isa = PBXGroup;
			children = (
			);
			name = Libraries;
			sourceTree = "<group>";
		};
		83CBB9F61A601CBA00E9B192 = {
			isa = PBXGroup;
			children = (
				13B07FAE1A68108700A75B9A /* MyApp */,
				832341AE1AAA6A7D00B99B32 /* Libraries */,
				83CBBA001A601CBA00E9B192 /* Products */,
				2D16E6871FA4F8E400B85C8A /* Frameworks */,
				BBD78D7AC51CEA395F1C20DB /* Pods */,
				172318AC84B943C791EB7600 /* Resources */,
			);
			indentWidth = 2;
			sourceTree = "<group>";
			tabWidth = 2;
			usesTabs = 0;
		};
		83CBBA001A601CBA00E9B192 /* Products */ = {
			isa = PBXGroup;
			children = (
				13B07F961A680F5B00A75B9A /* MyApp.app */,
			);
			name = Products;
			sourceTree = "<group>";
		};
		BBD78D7AC51CEA395F1C20DB /* Pods */ = {
			isa = PBXGroup;
			children = (
				3B4392A12AC88292D35C810B /* Pods-MyApp.debug.xcconfig */,
				5709B34CF0A7D63546082F79 /* Pods-MyApp.release.xcconfig */,
			);
			path = Pods;
			sourceTree = "<group>";
		};
		172318AC84B943C791EB7600 /* Resources */ = {
			isa = "PBXGroup";
			children = (
				AD2BC560A6D041C0AD4F66C7 /* Poppins-Light.ttf */,
				271E4B64D7D04825989FE6E9 /* Roboto-Bold.ttf */,
				4FFBBCF871CE4CDFBF471C19 /* Roboto-VariableFont_wdth,wght.ttf */,
				EF3A2B8D3CFC4DFF98D131F4 /* Roboto_Condensed-ExtraBold.ttf */,
				6A80BC75305A4491902E7240 /* Poppins-Black.ttf */,
				34B103AE9EC24708AF3E858A /* Poppins-BlackItalic.ttf */,
				D1157BDDB45C4ED48415B0B2 /* Poppins-Bold.ttf */,
				A3C32A8798954B69AFEA6C09 /* Poppins-BoldItalic.ttf */,
				BC22977C2B54496194F36551 /* Poppins-ExtraBold.ttf */,
				E8362E0A63A54C4D9537B832 /* Poppins-ExtraBoldItalic.ttf */,
				07E853E103C64C7694A89643 /* Poppins-ExtraLight.ttf */,
				5FCF097F45C749EFBF860355 /* Poppins-ExtraLightItalic.ttf */,
				EFAFBF762FD04CF6AB4AF1A7 /* Poppins-Italic.ttf */,
				BD4CC920EEB743C790F23D34 /* Poppins-LightItalic.ttf */,
				310569D58C4F408C87E245F9 /* Poppins-Medium.ttf */,
				8DDF1A2AAFA4413595BF8D05 /* Poppins-MediumItalic.ttf */,
				D9FF09987A1A4039A4391569 /* Poppins-Regular.ttf */,
				0A92814A3E204C15A32217FC /* Poppins-SemiBold.ttf */,
				335C0512E9794D499D842700 /* Poppins-SemiBoldItalic.ttf */,
				8F935CD2419C4C4890AB40EE /* Poppins-Thin.ttf */,
				505C093FC3A7411FB5C33259 /* Poppins-ThinItalic.ttf */,
				54DA07CA3E3D4FB7BCB1863D /* Raleway-Black.ttf */,
				221FBE92420F47BEAE7783F8 /* Raleway-BlackItalic.ttf */,
				58168515AB354603B07B0455 /* Raleway-Bold.ttf */,
				61179E70A78F4DE7BE3F23BB /* Raleway-BoldItalic.ttf */,
				D31A58F6D274466BB9750728 /* Raleway-ExtraBold.ttf */,
				774B60CA3C1848A9826B383A /* Raleway-ExtraBoldItalic.ttf */,
				5B84B17D8A684EB493356C2A /* Raleway-ExtraLight.ttf */,
				918B4B0686A343A2A1F65C98 /* Raleway-ExtraLightItalic.ttf */,
				18BF4DFD38D148FA96D5D83F /* Raleway-Italic.ttf */,
				4FB03DCBAE3E4E0B8650BD5A /* Raleway-Light.ttf */,
				4938B11EF6C64E03ADC928B0 /* Raleway-LightItalic.ttf */,
				2FEF58FE2341456F9D6A139C /* Raleway-Medium.ttf */,
				E68F9BD3413B420587DE7D35 /* Raleway-MediumItalic.ttf */,
				01AA5CF0941C43D09075D97D /* Raleway-Regular.ttf */,
				2D62C494C9144BD0B01D2BC9 /* Raleway-SemiBold.ttf */,
				4BE39D525DE346BCA3864BD9 /* Raleway-SemiBoldItalic.ttf */,
				FF5645D357D9450B8404F3BB /* Raleway-Thin.ttf */,
				9C5F2F546DCD40CB95805006 /* Raleway-ThinItalic.ttf */,
				F2D3840CA16B4B5B8A7A354D /* Epilogue-Black.ttf */,
				E304E68324154691A2638995 /* Epilogue-BlackItalic.ttf */,
				82A87035E50B42A2860E498C /* Epilogue-Bold.ttf */,
				BABA542B365C4B64A37F5D0F /* Epilogue-BoldItalic.ttf */,
				B14CFB2045244F43859DEB26 /* Epilogue-ExtraBold.ttf */,
				03FDD8CC61A04565AC334DD2 /* Epilogue-ExtraBoldItalic.ttf */,
				B117214C35394BAFA7DF67B4 /* Epilogue-ExtraLight.ttf */,
				D425B103ED2E48FE91E50DA2 /* Epilogue-ExtraLightItalic.ttf */,
				05ABF5B5C02A409DA7DC0506 /* Epilogue-Italic.ttf */,
				CA56930EE9884819B51F9108 /* Epilogue-Light.ttf */,
				7B4F5B90B36B41E096E4F68D /* Epilogue-LightItalic.ttf */,
				18EC91AAF2F54E13882367C7 /* Epilogue-Medium.ttf */,
				0B11AAFB9AFF4D758272A499 /* Epilogue-MediumItalic.ttf */,
				B3CD83430A4A47039F4B3D85 /* Epilogue-Regular.ttf */,
				868BBFA12C01434D8E03CE92 /* Epilogue-SemiBold.ttf */,
				4AFB84CCED024EDC9DC8C79B /* Epilogue-SemiBoldItalic.ttf */,
				2DE63AE79E3248B48ACC8E55 /* Epilogue-Thin.ttf */,
				20CD346AE65B4D3693756C60 /* Epilogue-ThinItalic.ttf */,
			);
			name = Resources;
			sourceTree = "<group>";
			path = "";
		};
/* End PBXGroup section */

/* Begin PBXNativeTarget section */
		13B07F861A680F5B00A75B9A /* MyApp */ = {
			isa = PBXNativeTarget;
			buildConfigurationList = 13B07F931A680F5B00A75B9A /* Build configuration list for PBXNativeTarget "MyApp" */;
			buildPhases = (
				C38B50BA6285516D6DCD4F65 /* [CP] Check Pods Manifest.lock */,
				13B07F871A680F5B00A75B9A /* Sources */,
				13B07F8C1A680F5B00A75B9A /* Frameworks */,
				13B07F8E1A680F5B00A75B9A /* Resources */,
				00DD1BFF1BD5951E006B06BC /* Bundle React Native code and images */,
				00EEFC60759A1932668264C0 /* [CP] Embed Pods Frameworks */,
				E235C05ADACE081382539298 /* [CP] Copy Pods Resources */,
			);
			buildRules = (
			);
			dependencies = (
			);
			name = MyApp;
			productName = MyApp;
			productReference = 13B07F961A680F5B00A75B9A /* MyApp.app */;
			productType = "com.apple.product-type.application";
		};
/* End PBXNativeTarget section */

/* Begin PBXProject section */
		83CBB9F71A601CBA00E9B192 /* Project object */ = {
			isa = PBXProject;
			attributes = {
				LastUpgradeCheck = 1210;
				TargetAttributes = {
					13B07F861A680F5B00A75B9A = {
						LastSwiftMigration = 1120;
					};
				};
			};
			buildConfigurationList = 83CBB9FA1A601CBA00E9B192 /* Build configuration list for PBXProject "MyApp" */;
			compatibilityVersion = "Xcode 12.0";
			developmentRegion = en;
			hasScannedForEncodings = 0;
			knownRegions = (
				en,
				Base,
			);
			mainGroup = 83CBB9F61A601CBA00E9B192;
			productRefGroup = 83CBBA001A601CBA00E9B192 /* Products */;
			projectDirPath = "";
			projectRoot = "";
			targets = (
				13B07F861A680F5B00A75B9A /* MyApp */,
			);
		};
/* End PBXProject section */

/* Begin PBXResourcesBuildPhase section */
		00E356EC1AD99517003FC87E /* Resources */ = {
			isa = PBXResourcesBuildPhase;
			buildActionMask = 2147483647;
			files = (
			);
			runOnlyForDeploymentPostprocessing = 0;
		};
		13B07F8E1A680F5B00A75B9A /* Resources */ = {
			isa = PBXResourcesBuildPhase;
			buildActionMask = 2147483647;
			files = (
				81AB9BB82411601600AC10FF /* LaunchScreen.storyboard in Resources */,
				13B07FBF1A68108700A75B9A /* Images.xcassets in Resources */,
				BA6B6C7030454D3F87D724DF /* Poppins-Light.ttf in Resources */,
				01A21D22CC474645AE78C58D /* Roboto-Bold.ttf in Resources */,
				6F16D2642B3C4B799F510399 /* Roboto-VariableFont_wdth,wght.ttf in Resources */,
				B6D8C33810D34307AB6519F3 /* Roboto_Condensed-ExtraBold.ttf in Resources */,
				EBCF9BCDF6634FEBA5D174AB /* Poppins-Black.ttf in Resources */,
				4F4AE3D5EBB2422BA96457F9 /* Poppins-BlackItalic.ttf in Resources */,
				121518F1235A46DBB8F62ECB /* Poppins-Bold.ttf in Resources */,
				271EE601DF2840D7BE4098C0 /* Poppins-BoldItalic.ttf in Resources */,
				F89224266064497D904DBD22 /* Poppins-ExtraBold.ttf in Resources */,
				3523E01490284A10AC57A3D6 /* Poppins-ExtraBoldItalic.ttf in Resources */,
				A166EBDB464143BEADE50DE5 /* Poppins-ExtraLight.ttf in Resources */,
				F99AEA30E67845979973B6DA /* Poppins-ExtraLightItalic.ttf in Resources */,
				70936A4BBBAC49CBB6630B97 /* Poppins-Italic.ttf in Resources */,
				9447729991E245FFBFEA745E /* Poppins-LightItalic.ttf in Resources */,
				4B3D4F9426C84F65889A953D /* Poppins-Medium.ttf in Resources */,
				ED646659FF8845D285039F42 /* Poppins-MediumItalic.ttf in Resources */,
				FFA3C4EE126F4AA8B48E9784 /* Poppins-Regular.ttf in Resources */,
				272B0AEF9F1E405D92BE8F35 /* Poppins-SemiBold.ttf in Resources */,
				D29495B7235A49E8A0D8D460 /* Poppins-SemiBoldItalic.ttf in Resources */,
				A555A164496046A99690E5CD /* Poppins-Thin.ttf in Resources */,
				B5D34CEA263141AAA2C1EA00 /* Poppins-ThinItalic.ttf in Resources */,
				C14F1DB6CBB04551A28C4F39 /* Raleway-Black.ttf in Resources */,
				FFACA97245B246109906C7F5 /* Raleway-BlackItalic.ttf in Resources */,
				1794C79E29AC454EB0CA4829 /* Raleway-Bold.ttf in Resources */,
				6DFC5A5CB07E442D97F20697 /* Raleway-BoldItalic.ttf in Resources */,
				8CC970E1E40D4F348EFAAF8A /* Raleway-ExtraBold.ttf in Resources */,
				79F3DE74378340D0815E2EC9 /* Raleway-ExtraBoldItalic.ttf in Resources */,
				244354D4C3914CB59D243D83 /* Raleway-ExtraLight.ttf in Resources */,
				F59BFC3F301841EAB59D9550 /* Raleway-ExtraLightItalic.ttf in Resources */,
				C39D14CEAF3443A497F6A812 /* Raleway-Italic.ttf in Resources */,
				CACF05B1724546E1817B964A /* Raleway-Light.ttf in Resources */,
				BFE8F243A63E4F53B7B8E9E4 /* Raleway-LightItalic.ttf in Resources */,
				8E3E55AB4B9C47AFAF4A4F86 /* Raleway-Medium.ttf in Resources */,
				01764D8981FB443DAFC765A6 /* Raleway-MediumItalic.ttf in Resources */,
				2E8DA282CA1D4466863222F4 /* Raleway-Regular.ttf in Resources */,
				9D6C27ACD5E744CC894CF54F /* Raleway-SemiBold.ttf in Resources */,
				D9E1C333BC00457B82AEF9F8 /* Raleway-SemiBoldItalic.ttf in Resources */,
				841D26C3021143F18D540629 /* Raleway-Thin.ttf in Resources */,
				DCF2759F4CA5474DB013EE75 /* Raleway-ThinItalic.ttf in Resources */,
				D081EDC2F1E549ACA32449BD /* Epilogue-Black.ttf in Resources */,
				FDE6364328B44CC89BF1814C /* Epilogue-BlackItalic.ttf in Resources */,
				FDD185B7494B4A4ABD5D024B /* Epilogue-Bold.ttf in Resources */,
				D981A54B3AE94DEDA6B34DB8 /* Epilogue-BoldItalic.ttf in Resources */,
				066886A1AFEF4CB9A3574865 /* Epilogue-ExtraBold.ttf in Resources */,
				ED36EFF1E6D94102BB70115F /* Epilogue-ExtraBoldItalic.ttf in Resources */,
				86909B2B0962462F9A69FDDD /* Epilogue-ExtraLight.ttf in Resources */,
				230DAE5A78A64A48A2EDD4F0 /* Epilogue-ExtraLightItalic.ttf in Resources */,
				E3AB21298A2D493C8C247AE2 /* Epilogue-Italic.ttf in Resources */,
				27EDA42B65F743BBA8A073A3 /* Epilogue-Light.ttf in Resources */,
				C51DA85CB5A4452696BC51BF /* Epilogue-LightItalic.ttf in Resources */,
				AB8A5E355FDD4308A412A6D1 /* Epilogue-Medium.ttf in Resources */,
				C7BD582DF33443E380942D9C /* Epilogue-MediumItalic.ttf in Resources */,
				5B549A9609A0476281E52EA2 /* Epilogue-Regular.ttf in Resources */,
				D445831655154A53B93EBDA9 /* Epilogue-SemiBold.ttf in Resources */,
				617907E3C9E54F918DA0D179 /* Epilogue-SemiBoldItalic.ttf in Resources */,
				E01AE8E37C8B4E24B6F299DD /* Epilogue-Thin.ttf in Resources */,
				B32793C44ECD434EA7C81E42 /* Epilogue-ThinItalic.ttf in Resources */,
			);
			runOnlyForDeploymentPostprocessing = 0;
		};
/* End PBXResourcesBuildPhase section */

/* Begin PBXShellScriptBuildPhase section */
		00DD1BFF1BD5951E006B06BC /* Bundle React Native code and images */ = {
			isa = PBXShellScriptBuildPhase;
			buildActionMask = 2147483647;
			files = (
			);
			inputPaths = (
				"$(SRCROOT)/.xcode.env.local",
				"$(SRCROOT)/.xcode.env",
			);
			name = "Bundle React Native code and images";
			outputPaths = (
			);
			runOnlyForDeploymentPostprocessing = 0;
			shellPath = /bin/sh;
			shellScript = "set -e\n\nWITH_ENVIRONMENT=\"$REACT_NATIVE_PATH/scripts/xcode/with-environment.sh\"\nREACT_NATIVE_XCODE=\"$REACT_NATIVE_PATH/scripts/react-native-xcode.sh\"\n\n/bin/sh -c \"$WITH_ENVIRONMENT $REACT_NATIVE_XCODE\"\n";
		};
		00EEFC60759A1932668264C0 /* [CP] Embed Pods Frameworks */ = {
			isa = PBXShellScriptBuildPhase;
			buildActionMask = 2147483647;
			files = (
			);
			inputFileListPaths = (
				"${PODS_ROOT}/Target Support Files/Pods-MyApp/Pods-MyApp-frameworks-${CONFIGURATION}-input-files.xcfilelist",
			);
			name = "[CP] Embed Pods Frameworks";
			outputFileListPaths = (
				"${PODS_ROOT}/Target Support Files/Pods-MyApp/Pods-MyApp-frameworks-${CONFIGURATION}-output-files.xcfilelist",
			);
			runOnlyForDeploymentPostprocessing = 0;
			shellPath = /bin/sh;
			shellScript = "\"${PODS_ROOT}/Target Support Files/Pods-MyApp/Pods-MyApp-frameworks.sh\"\n";
			showEnvVarsInLog = 0;
		};
		C38B50BA6285516D6DCD4F65 /* [CP] Check Pods Manifest.lock */ = {
			isa = PBXShellScriptBuildPhase;
			buildActionMask = 2147483647;
			files = (
			);
			inputFileListPaths = (
			);
			inputPaths = (
				"${PODS_PODFILE_DIR_PATH}/Podfile.lock",
				"${PODS_ROOT}/Manifest.lock",
			);
			name = "[CP] Check Pods Manifest.lock";
			outputFileListPaths = (
			);
			outputPaths = (
				"$(DERIVED_FILE_DIR)/Pods-MyApp-checkManifestLockResult.txt",
			);
			runOnlyForDeploymentPostprocessing = 0;
			shellPath = /bin/sh;
			shellScript = "diff \"${PODS_PODFILE_DIR_PATH}/Podfile.lock\" \"${PODS_ROOT}/Manifest.lock\" > /dev/null\nif [ $? != 0 ] ; then\n    # print error to STDERR\n    echo \"error: The sandbox is not in sync with the Podfile.lock. Run 'pod install' or update your CocoaPods installation.\" >&2\n    exit 1\nfi\n# This output is used by Xcode 'outputs' to avoid re-running this script phase.\necho \"SUCCESS\" > \"${SCRIPT_OUTPUT_FILE_0}\"\n";
			showEnvVarsInLog = 0;
		};
		E235C05ADACE081382539298 /* [CP] Copy Pods Resources */ = {
			isa = PBXShellScriptBuildPhase;
			buildActionMask = 2147483647;
			files = (
			);
			inputFileListPaths = (
				"${PODS_ROOT}/Target Support Files/Pods-MyApp/Pods-MyApp-resources-${CONFIGURATION}-input-files.xcfilelist",
			);
			name = "[CP] Copy Pods Resources";
			outputFileListPaths = (
				"${PODS_ROOT}/Target Support Files/Pods-MyApp/Pods-MyApp-resources-${CONFIGURATION}-output-files.xcfilelist",
			);
			runOnlyForDeploymentPostprocessing = 0;
			shellPath = /bin/sh;
			shellScript = "\"${PODS_ROOT}/Target Support Files/Pods-MyApp/Pods-MyApp-resources.sh\"\n";
			showEnvVarsInLog = 0;
		};
/* End PBXShellScriptBuildPhase section */

/* Begin PBXSourcesBuildPhase section */
		13B07F871A680F5B00A75B9A /* Sources */ = {
			isa = PBXSourcesBuildPhase;
			buildActionMask = 2147483647;
			files = (
				761780ED2CA45674006654EE /* AppDelegate.swift in Sources */,
			);
			runOnlyForDeploymentPostprocessing = 0;
		};
/* End PBXSourcesBuildPhase section */

/* Begin PBXTargetDependency section */
		00E356F51AD99517003FC87E /* PBXTargetDependency */ = {
			isa = PBXTargetDependency;
			target = 13B07F861A680F5B00A75B9A /* MyApp */;
			targetProxy = 00E356F41AD99517003FC87E /* PBXContainerItemProxy */;
		};
/* End PBXTargetDependency section */

/* Begin XCBuildConfiguration section */
		13B07F941A680F5B00A75B9A /* Debug */ = {
			isa = XCBuildConfiguration;
			baseConfigurationReference = 3B4392A12AC88292D35C810B /* Pods-MyApp.debug.xcconfig */;
			buildSettings = {
				ASSETCATALOG_COMPILER_APPICON_NAME = AppIcon;
				CLANG_ENABLE_MODULES = YES;
				CURRENT_PROJECT_VERSION = 1;
				ENABLE_BITCODE = NO;
				INFOPLIST_FILE = MyApp/Info.plist;
				IPHONEOS_DEPLOYMENT_TARGET = 15.1;
				LD_RUNPATH_SEARCH_PATHS = (
					"$(inherited)",
					"@executable_path/Frameworks",
				);
				MARKETING_VERSION = 1.0;
				OTHER_LDFLAGS = (
					"$(inherited)",
					"-ObjC",
					"-lc++",
				);
				PRODUCT_BUNDLE_IDENTIFIER = "org.reactjs.native.example.$(PRODUCT_NAME:rfc1034identifier)";
				PRODUCT_NAME = MyApp;
				SWIFT_OPTIMIZATION_LEVEL = "-Onone";
				SWIFT_VERSION = 5.0;
				VERSIONING_SYSTEM = "apple-generic";
			};
			name = Debug;
		};
		13B07F951A680F5B00A75B9A /* Release */ = {
			isa = XCBuildConfiguration;
			baseConfigurationReference = 5709B34CF0A7D63546082F79 /* Pods-MyApp.release.xcconfig */;
			buildSettings = {
				ASSETCATALOG_COMPILER_APPICON_NAME = AppIcon;
				CLANG_ENABLE_MODULES = YES;
				CURRENT_PROJECT_VERSION = 1;
				INFOPLIST_FILE = MyApp/Info.plist;
				IPHONEOS_DEPLOYMENT_TARGET = 15.1;
				LD_RUNPATH_SEARCH_PATHS = (
					"$(inherited)",
					"@executable_path/Frameworks",
				);
				MARKETING_VERSION = 1.0;
				OTHER_LDFLAGS = (
					"$(inherited)",
					"-ObjC",
					"-lc++",
				);
				PRODUCT_BUNDLE_IDENTIFIER = "org.reactjs.native.example.$(PRODUCT_NAME:rfc1034identifier)";
				PRODUCT_NAME = MyApp;
				SWIFT_VERSION = 5.0;
				VERSIONING_SYSTEM = "apple-generic";
			};
			name = Release;
		};
		83CBBA201A601CBA00E9B192 /* Debug */ = {
			isa = XCBuildConfiguration;
			buildSettings = {
				ALWAYS_SEARCH_USER_PATHS = NO;
				CLANG_ANALYZER_LOCALIZABILITY_NONLOCALIZED = YES;
				CLANG_CXX_LANGUAGE_STANDARD = "c++20";
				CLANG_CXX_LIBRARY = "libc++";
				CLANG_ENABLE_MODULES = YES;
				CLANG_ENABLE_OBJC_ARC = YES;
				CLANG_WARN_BLOCK_CAPTURE_AUTORELEASING = YES;
				CLANG_WARN_BOOL_CONVERSION = YES;
				CLANG_WARN_COMMA = YES;
				CLANG_WARN_CONSTANT_CONVERSION = YES;
				CLANG_WARN_DEPRECATED_OBJC_IMPLEMENTATIONS = YES;
				CLANG_WARN_DIRECT_OBJC_ISA_USAGE = YES_ERROR;
				CLANG_WARN_EMPTY_BODY = YES;
				CLANG_WARN_ENUM_CONVERSION = YES;
				CLANG_WARN_INFINITE_RECURSION = YES;
				CLANG_WARN_INT_CONVERSION = YES;
				CLANG_WARN_NON_LITERAL_NULL_CONVERSION = YES;
				CLANG_WARN_OBJC_IMPLICIT_RETAIN_SELF = YES;
				CLANG_WARN_OBJC_LITERAL_CONVERSION = YES;
				CLANG_WARN_OBJC_ROOT_CLASS = YES_ERROR;
				CLANG_WARN_QUOTED_INCLUDE_IN_FRAMEWORK_HEADER = YES;
				CLANG_WARN_RANGE_LOOP_ANALYSIS = YES;
				CLANG_WARN_STRICT_PROTOTYPES = YES;
				CLANG_WARN_SUSPICIOUS_MOVE = YES;
				CLANG_WARN_UNREACHABLE_CODE = YES;
				CLANG_WARN__DUPLICATE_METHOD_MATCH = YES;
				"CODE_SIGN_IDENTITY[sdk=iphoneos*]" = "iPhone Developer";
				COPY_PHASE_STRIP = NO;
				ENABLE_STRICT_OBJC_MSGSEND = YES;
				ENABLE_TESTABILITY = YES;
				"EXCLUDED_ARCHS[sdk=iphonesimulator*]" = "";
				GCC_C_LANGUAGE_STANDARD = gnu99;
				GCC_DYNAMIC_NO_PIC = NO;
				GCC_NO_COMMON_BLOCKS = YES;
				GCC_OPTIMIZATION_LEVEL = 0;
				GCC_PREPROCESSOR_DEFINITIONS = (
					"DEBUG=1",
					"$(inherited)",
				);
				GCC_SYMBOLS_PRIVATE_EXTERN = NO;
				GCC_WARN_64_TO_32_BIT_CONVERSION = YES;
				GCC_WARN_ABOUT_RETURN_TYPE = YES_ERROR;
				GCC_WARN_UNDECLARED_SELECTOR = YES;
				GCC_WARN_UNINITIALIZED_AUTOS = YES_AGGRESSIVE;
				GCC_WARN_UNUSED_FUNCTION = YES;
				GCC_WARN_UNUSED_VARIABLE = YES;
				IPHONEOS_DEPLOYMENT_TARGET = 15.1;
				LD_RUNPATH_SEARCH_PATHS = (
					/usr/lib/swift,
					"$(inherited)",
				);
				LIBRARY_SEARCH_PATHS = (
					"\"$(SDKROOT)/usr/lib/swift\"",
					"\"$(TOOLCHAIN_DIR)/usr/lib/swift/$(PLATFORM_NAME)\"",
					"\"$(inherited)\"",
				);
				MTL_ENABLE_DEBUG_INFO = YES;
				ONLY_ACTIVE_ARCH = YES;
				OTHER_CPLUSPLUSFLAGS = (
					"$(OTHER_CFLAGS)",
					"-DFOLLY_NO_CONFIG",
					"-DFOLLY_MOBILE=1",
					"-DFOLLY_USE_LIBCPP=1",
					"-DFOLLY_CFG_NO_COROUTINES=1",
					"-DFOLLY_HAVE_CLOCK_GETTIME=1",
				);
				SDKROOT = iphoneos;
			};
			name = Debug;
		};
		83CBBA211A601CBA00E9B192 /* Release */ = {
			isa = XCBuildConfiguration;
			buildSettings = {
				ALWAYS_SEARCH_USER_PATHS = NO;
				CLANG_ANALYZER_LOCALIZABILITY_NONLOCALIZED = YES;
				CLANG_CXX_LANGUAGE_STANDARD = "c++20";
				CLANG_CXX_LIBRARY = "libc++";
				CLANG_ENABLE_MODULES = YES;
				CLANG_ENABLE_OBJC_ARC = YES;
				CLANG_WARN_BLOCK_CAPTURE_AUTORELEASING = YES;
				CLANG_WARN_BOOL_CONVERSION = YES;
				CLANG_WARN_COMMA = YES;
				CLANG_WARN_CONSTANT_CONVERSION = YES;
				CLANG_WARN_DEPRECATED_OBJC_IMPLEMENTATIONS = YES;
				CLANG_WARN_DIRECT_OBJC_ISA_USAGE = YES_ERROR;
				CLANG_WARN_EMPTY_BODY = YES;
				CLANG_WARN_ENUM_CONVERSION = YES;
				CLANG_WARN_INFINITE_RECURSION = YES;
				CLANG_WARN_INT_CONVERSION = YES;
				CLANG_WARN_NON_LITERAL_NULL_CONVERSION = YES;
				CLANG_WARN_OBJC_IMPLICIT_RETAIN_SELF = YES;
				CLANG_WARN_OBJC_LITERAL_CONVERSION = YES;
				CLANG_WARN_OBJC_ROOT_CLASS = YES_ERROR;
				CLANG_WARN_QUOTED_INCLUDE_IN_FRAMEWORK_HEADER = YES;
				CLANG_WARN_RANGE_LOOP_ANALYSIS = YES;
				CLANG_WARN_STRICT_PROTOTYPES = YES;
				CLANG_WARN_SUSPICIOUS_MOVE = YES;
				CLANG_WARN_UNREACHABLE_CODE = YES;
				CLANG_WARN__DUPLICATE_METHOD_MATCH = YES;
				"CODE_SIGN_IDENTITY[sdk=iphoneos*]" = "iPhone Developer";
				COPY_PHASE_STRIP = YES;
				ENABLE_NS_ASSERTIONS = NO;
				ENABLE_STRICT_OBJC_MSGSEND = YES;
				"EXCLUDED_ARCHS[sdk=iphonesimulator*]" = "";
				GCC_C_LANGUAGE_STANDARD = gnu99;
				GCC_NO_COMMON_BLOCKS = YES;
				GCC_WARN_64_TO_32_BIT_CONVERSION = YES;
				GCC_WARN_ABOUT_RETURN_TYPE = YES_ERROR;
				GCC_WARN_UNDECLARED_SELECTOR = YES;
				GCC_WARN_UNINITIALIZED_AUTOS = YES_AGGRESSIVE;
				GCC_WARN_UNUSED_FUNCTION = YES;
				GCC_WARN_UNUSED_VARIABLE = YES;
				IPHONEOS_DEPLOYMENT_TARGET = 15.1;
				LD_RUNPATH_SEARCH_PATHS = (
					/usr/lib/swift,
					"$(inherited)",
				);
				LIBRARY_SEARCH_PATHS = (
					"\"$(SDKROOT)/usr/lib/swift\"",
					"\"$(TOOLCHAIN_DIR)/usr/lib/swift/$(PLATFORM_NAME)\"",
					"\"$(inherited)\"",
				);
				MTL_ENABLE_DEBUG_INFO = NO;
				OTHER_CPLUSPLUSFLAGS = (
					"$(OTHER_CFLAGS)",
					"-DFOLLY_NO_CONFIG",
					"-DFOLLY_MOBILE=1",
					"-DFOLLY_USE_LIBCPP=1",
					"-DFOLLY_CFG_NO_COROUTINES=1",
					"-DFOLLY_HAVE_CLOCK_GETTIME=1",
				);
				SDKROOT = iphoneos;
				VALIDATE_PRODUCT = YES;
			};
			name = Release;
		};
/* End XCBuildConfiguration section */

/* Begin XCConfigurationList section */
		13B07F931A680F5B00A75B9A /* Build configuration list for PBXNativeTarget "MyApp" */ = {
			isa = XCConfigurationList;
			buildConfigurations = (
				13B07F941A680F5B00A75B9A /* Debug */,
				13B07F951A680F5B00A75B9A /* Release */,
			);
			defaultConfigurationIsVisible = 0;
			defaultConfigurationName = Release;
		};
		83CBB9FA1A601CBA00E9B192 /* Build configuration list for PBXProject "MyApp" */ = {
			isa = XCConfigurationList;
			buildConfigurations = (
				83CBBA201A601CBA00E9B192 /* Debug */,
				83CBBA211A601CBA00E9B192 /* Release */,
			);
			defaultConfigurationIsVisible = 0;
			defaultConfigurationName = Release;
		};
/* End XCConfigurationList section */
	};
	rootObject = 83CBB9F71A601CBA00E9B192 /* Project object */;
}
